Microsoft Visual Studio Solution File, Format Version 12.00
# Visual Studio Version 17
VisualStudioVersion = 17.5.2.0
MinimumVisualStudioVersion = 10.0.40219.1
Project("{FAE04EC0-301F-11D3-BF4B-00C04F79EFBC}") = "Xablau", "Xablau.csproj", "{BDF5214E-BD3B-E7BE-0693-7CC6E406310F}"
EndProject
Global
	GlobalSection(SolutionConfigurationPlatforms) = preSolution
		Debug|Any CPU = Debug|Any CPU
		Release|Any CPU = Release|Any CPU
	EndGlobalSection
	GlobalSection(ProjectConfigurationPlatforms) = postSolution
		{BDF5214E-BD3B-E7BE-0693-7CC6E406310F}.Debug|Any CPU.ActiveCfg = Debug|Any CPU
		{BDF5214E-BD3B-E7BE-0693-7CC6E406310F}.Debug|Any CPU.Build.0 = Debug|Any CPU
		{BDF5214E-BD3B-E7BE-0693-7CC6E406310F}.Release|Any CPU.ActiveCfg = Release|Any CPU
		{BDF5214E-BD3B-E7BE-0693-7CC6E406310F}.Release|Any CPU.Build.0 = Release|Any CPU
	EndGlobalSection
	GlobalSection(SolutionProperties) = preSolution
		HideSolutionNode = FALSE
	EndGlobalSection
	GlobalSection(ExtensibilityGlobals) = postSolution
		SolutionGuid = {DEBEB068-FFAF-4C3E-9558-8F0CA559E49C}
	EndGlobalSection
EndGlobal
